# This file is automatically @generated by Poetry 1.8.3 and should not be changed by hand.

[[package]]
name = "jalali-core"
version = "1.0.0"
description = "a Gregorian to Jalali and inverse date convertor"
optional = false
python-versions = ">=3.8"
files = [
    {file = "jalali_core-1.0.0-py3-none-any.whl", hash = "sha256:84e6f5090eadfb35234f24fad084be831d00da3c0b238ee001e8a1fd49bf7924"},
    {file = "jalali_core-1.0.0.tar.gz", hash = "sha256:f4287c70c630323dcf0a3ab26df905ba4d451e230ac1f65b3bb2f77797894a2b"},
]

[[package]]
name = "jdatetime"
version = "5.0.0"
description = "Jalali datetime binding for python"
optional = false
python-versions = ">=3.8"
files = [
    {file = "jdatetime-5.0.0-py3-none-any.whl", hash = "sha256:37e23c710d7e9bde7c37d0cc3ff9e273323889790e902a1ef3ad99148f094fb9"},
    {file = "jdatetime-5.0.0.tar.gz", hash = "sha256:2cc603d913c0d8e328928454d3d295261cb037e9950227f67c9629ab4710fdf9"},
]

[package.dependencies]
jalali-core = ">=1.0"

[metadata]
lock-version = "2.0"
python-versions = "^3.12"
content-hash = "8a3a9f76ce9f101886f16cb32731b5b709c1a4b62d570f8059f829814165a465"
